// !$*UTF8*$!
{
	archiveVersion = 1;
	classes = {
	};
	objectVersion = 56;
	objects = {

/* Begin PBXBuildFile section */
		E5E1382C2A9D4FAA004730E6 /* AppDelegate.swift in Sources */ = {isa = PBXBuildFile; fileRef = E5E1382B2A9D4FAA004730E6 /* AppDelegate.swift */; };
		E5E1382E2A9D4FAA004730E6 /* SceneDelegate.swift in Sources */ = {isa = PBXBuildFile; fileRef = E5E1382D2A9D4FAA004730E6 /* SceneDelegate.swift */; };
		E5E138302A9D4FAA004730E6 /* ViewController.swift in Sources */ = {isa = PBXBuildFile; fileRef = E5E1382F2A9D4FAA004730E6 /* ViewController.swift */; };
		E5E138332A9D4FAA004730E6 /* Main.storyboard in Resources */ = {isa = PBXBuildFile; fileRef = E5E138312A9D4FAA004730E6 /* Main.storyboard */; };
		E5E138352A9D4FAB004730E6 /* Assets.xcassets in Resources */ = {isa = PBXBuildFile; fileRef = E5E138342A9D4FAB004730E6 /* Assets.xcassets */; };
		E5E138382A9D4FAB004730E6 /* LaunchScreen.storyboard in Resources */ = {isa = PBXBuildFile; fileRef = E5E138362A9D4FAB004730E6 /* LaunchScreen.storyboard */; };
		E5E138432A9D4FAB004730E6 /* Heartstone_DatabaseTests.swift in Sources */ = {isa = PBXBuildFile; fileRef = E5E138422A9D4FAB004730E6 /* Heartstone_DatabaseTests.swift */; };
		E5E1384D2A9D4FAB004730E6 /* Heartstone_DatabaseUITests.swift in Sources */ = {isa = PBXBuildFile; fileRef = E5E1384C2A9D4FAB004730E6 /* Heartstone_DatabaseUITests.swift */; };
		E5E1384F2A9D4FAB004730E6 /* Heartstone_DatabaseUITestsLaunchTests.swift in Sources */ = {isa = PBXBuildFile; fileRef = E5E1384E2A9D4FAB004730E6 /* Heartstone_DatabaseUITestsLaunchTests.swift */; };
/* End PBXBuildFile section */

/* Begin PBXContainerItemProxy section */
		E5E1383F2A9D4FAB004730E6 /* PBXContainerItemProxy */ = {
			isa = PBXContainerItemProxy;
			containerPortal = E5E138202A9D4FAA004730E6 /* Project object */;
			proxyType = 1;
			remoteGlobalIDString = E5E138272A9D4FAA004730E6;
			remoteInfo = "Heartstone Database";
		};
		E5E138492A9D4FAB004730E6 /* PBXContainerItemProxy */ = {
			isa = PBXContainerItemProxy;
			containerPortal = E5E138202A9D4FAA004730E6 /* Project object */;
			proxyType = 1;
			remoteGlobalIDString = E5E138272A9D4FAA004730E6;
			remoteInfo = "Heartstone Database";
		};
/* End PBXContainerItemProxy section */

/* Begin PBXFileReference section */
		E5E138282A9D4FAA004730E6 /* Heartstone Database.app */ = {isa = PBXFileReference; explicitFileType = wrapper.application; includeInIndex = 0; path = "Heartstone Database.app"; sourceTree = BUILT_PRODUCTS_DIR; };
		E5E1382B2A9D4FAA004730E6 /* AppDelegate.swift */ = {isa = PBXFileReference; lastKnownFileType = sourcecode.swift; path = AppDelegate.swift; sourceTree = "<group>"; };
		E5E1382D2A9D4FAA004730E6 /* SceneDelegate.swift */ = {isa = PBXFileReference; lastKnownFileType = sourcecode.swift; path = SceneDelegate.swift; sourceTree = "<group>"; };
		E5E1382F2A9D4FAA004730E6 /* ViewController.swift */ = {isa = PBXFileReference; lastKnownFileType = sourcecode.swift; path = ViewController.swift; sourceTree = "<group>"; };
		E5E138322A9D4FAA004730E6 /* Base */ = {isa = PBXFileReference; lastKnownFileType = file.storyboard; name = Base; path = Base.lproj/Main.storyboard; sourceTree = "<group>"; };
		E5E138342A9D4FAB004730E6 /* Assets.xcassets */ = {isa = PBXFileReference; lastKnownFileType = folder.assetcatalog; path = Assets.xcassets; sourceTree = "<group>"; };
		E5E138372A9D4FAB004730E6 /* Base */ = {isa = PBXFileReference; lastKnownFileType = file.storyboard; name = Base; path = Base.lproj/LaunchScreen.storyboard; sourceTree = "<group>"; };
		E5E138392A9D4FAB004730E6 /* Info.plist */ = {isa = PBXFileReference; lastKnownFileType = text.plist.xml; path = Info.plist; sourceTree = "<group>"; };
		E5E1383E2A9D4FAB004730E6 /* Heartstone DatabaseTests.xctest */ = {isa = PBXFileReference; explicitFileType = wrapper.cfbundle; includeInIndex = 0; path = "Heartstone DatabaseTests.xctest"; sourceTree = BUILT_PRODUCTS_DIR; };
		E5E138422A9D4FAB004730E6 /* Heartstone_DatabaseTests.swift */ = {isa = PBXFileReference; lastKnownFileType = sourcecode.swift; path = Heartstone_DatabaseTests.swift; sourceTree = "<group>"; };
		E5E138482A9D4FAB004730E6 /* Heartstone DatabaseUITests.xctest */ = {isa = PBXFileReference; explicitFileType = wrapper.cfbundle; includeInIndex = 0; path = "Heartstone DatabaseUITests.xctest"; sourceTree = BUILT_PRODUCTS_DIR; };
		E5E1384C2A9D4FAB004730E6 /* Heartstone_DatabaseUITests.swift */ = {isa = PBXFileReference; lastKnownFileType = sourcecode.swift; path = Heartstone_DatabaseUITests.swift; sourceTree = "<group>"; };
		E5E1384E2A9D4FAB004730E6 /* Heartstone_DatabaseUITestsLaunchTests.swift */ = {isa = PBXFileReference; lastKnownFileType = sourcecode.swift; path = Heartstone_DatabaseUITestsLaunchTests.swift; sourceTree = "<group>"; };
/* End PBXFileReference section */

/* Begin PBXFrameworksBuildPhase section */
		E5E138252A9D4FAA004730E6 /* Frameworks */ = {
			isa = PBXFrameworksBuildPhase;
			buildActionMask = 2147483647;
			files = (
			);
			runOnlyForDeploymentPostprocessing = 0;
		};
		E5E1383B2A9D4FAB004730E6 /* Frameworks */ = {
			isa = PBXFrameworksBuildPhase;
			buildActionMask = 2147483647;
			files = (
			);
			runOnlyForDeploymentPostprocessing = 0;
		};
		E5E138452A9D4FAB004730E6 /* Frameworks */ = {
			isa = PBXFrameworksBuildPhase;
			buildActionMask = 2147483647;
			files = (
			);
			runOnlyForDeploymentPostprocessing = 0;
		};
/* End PBXFrameworksBuildPhase section */

/* Begin PBXGroup section */
		E5E1381F2A9D4FAA004730E6 = {
			isa = PBXGroup;
			children = (
				E5E1382A2A9D4FAA004730E6 /* Heartstone Database */,
				E5E138412A9D4FAB004730E6 /* Heartstone DatabaseTests */,
				E5E1384B2A9D4FAB004730E6 /* Heartstone DatabaseUITests */,
				E5E138292A9D4FAA004730E6 /* Products */,
			);
			sourceTree = "<group>";
		};
		E5E138292A9D4FAA004730E6 /* Products */ = {
			isa = PBXGroup;
			children = (
				E5E138282A9D4FAA004730E6 /* Heartstone Database.app */,
				E5E1383E2A9D4FAB004730E6 /* Heartstone DatabaseTests.xctest */,
				E5E138482A9D4FAB004730E6 /* Heartstone DatabaseUITests.xctest */,
			);
			name = Products;
			sourceTree = "<group>";
		};
		E5E1382A2A9D4FAA004730E6 /* Heartstone Database */ = {
			isa = PBXGroup;
			children = (
				E5E1382B2A9D4FAA004730E6 /* AppDelegate.swift */,
				E5E1382D2A9D4FAA004730E6 /* SceneDelegate.swift */,
				E5E1382F2A9D4FAA004730E6 /* ViewController.swift */,
				E5E138312A9D4FAA004730E6 /* Main.storyboard */,
				E5E138342A9D4FAB004730E6 /* Assets.xcassets */,
				E5E138362A9D4FAB004730E6 /* LaunchScreen.storyboard */,
				E5E138392A9D4FAB004730E6 /* Info.plist */,
			);
			path = "Heartstone Database";
			sourceTree = "<group>";
		};
		E5E138412A9D4FAB004730E6 /* Heartstone DatabaseTests */ = {
			isa = PBXGroup;
			children = (
				E5E138422A9D4FAB004730E6 /* Heartstone_DatabaseTests.swift */,
			);
			path = "Heartstone DatabaseTests";
			sourceTree = "<group>";
		};
		E5E1384B2A9D4FAB004730E6 /* Heartstone DatabaseUITests */ = {
			isa = PBXGroup;
			children = (
				E5E1384C2A9D4FAB004730E6 /* Heartstone_DatabaseUITests.swift */,
				E5E1384E2A9D4FAB004730E6 /* Heartstone_DatabaseUITestsLaunchTests.swift */,
			);
			path = "Heartstone DatabaseUITests";
			sourceTree = "<group>";
		};
/* End PBXGroup section */

/* Begin PBXNativeTarget section */
		E5E138272A9D4FAA004730E6 /* Heartstone Database */ = {
			isa = PBXNativeTarget;
			buildConfigurationList = E5E138522A9D4FAB004730E6 /* Build configuration list for PBXNativeTarget "Heartstone Database" */;
			buildPhases = (
				E5E138242A9D4FAA004730E6 /* Sources */,
				E5E138252A9D4FAA004730E6 /* Frameworks */,
				E5E138262A9D4FAA004730E6 /* Resources */,
			);
			buildRules = (
			);
			dependencies = (
			);
			name = "Heartstone Database";
			productName = "Heartstone Database";
			productReference = E5E138282A9D4FAA004730E6 /* Heartstone Database.app */;
			productType = "com.apple.product-type.application";
		};
		E5E1383D2A9D4FAB004730E6 /* Heartstone DatabaseTests */ = {
			isa = PBXNativeTarget;
			buildConfigurationList = E5E138552A9D4FAB004730E6 /* Build configuration list for PBXNativeTarget "Heartstone DatabaseTests" */;
			buildPhases = (
				E5E1383A2A9D4FAB004730E6 /* Sources */,
				E5E1383B2A9D4FAB004730E6 /* Frameworks */,
				E5E1383C2A9D4FAB004730E6 /* Resources */,
			);
			buildRules = (
			);
			dependencies = (
				E5E138402A9D4FAB004730E6 /* PBXTargetDependency */,
			);
			name = "Heartstone DatabaseTests";
			productName = "Heartstone DatabaseTests";
			productReference = E5E1383E2A9D4FAB004730E6 /* Heartstone DatabaseTests.xctest */;
			productType = "com.apple.product-type.bundle.unit-test";
		};
		E5E138472A9D4FAB004730E6 /* Heartstone DatabaseUITests */ = {
			isa = PBXNativeTarget;
			buildConfigurationList = E5E138582A9D4FAB004730E6 /* Build configuration list for PBXNativeTarget "Heartstone DatabaseUITests" */;
			buildPhases = (
				E5E138442A9D4FAB004730E6 /* Sources */,
				E5E138452A9D4FAB004730E6 /* Frameworks */,
				E5E138462A9D4FAB004730E6 /* Resources */,
			);
			buildRules = (
			);
			dependencies = (
				E5E1384A2A9D4FAB004730E6 /* PBXTargetDependency */,
			);
			name = "Heartstone DatabaseUITests";
			productName = "Heartstone DatabaseUITests";
			productReference = E5E138482A9D4FAB004730E6 /* Heartstone DatabaseUITests.xctest */;
			productType = "com.apple.product-type.bundle.ui-testing";
		};
/* End PBXNativeTarget section */

/* Begin PBXProject section */
		E5E138202A9D4FAA004730E6 /* Project object */ = {
			isa = PBXProject;
			attributes = {
				BuildIndependentTargetsInParallel = 1;
				LastSwiftUpdateCheck = 1430;
				LastUpgradeCheck = 1430;
				TargetAttributes = {
					E5E138272A9D4FAA004730E6 = {
						CreatedOnToolsVersion = 14.3.1;
					};
					E5E1383D2A9D4FAB004730E6 = {
						CreatedOnToolsVersion = 14.3.1;
						TestTargetID = E5E138272A9D4FAA004730E6;
					};
					E5E138472A9D4FAB004730E6 = {
						CreatedOnToolsVersion = 14.3.1;
						TestTargetID = E5E138272A9D4FAA004730E6;
					};
				};
			};
			buildConfigurationList = E5E138232A9D4FAA004730E6 /* Build configuration list for PBXProject "Heartstone Database" */;
			compatibilityVersion = "Xcode 14.0";
			developmentRegion = en;
			hasScannedForEncodings = 0;
			knownRegions = (
				en,
				Base,
			);
			mainGroup = E5E1381F2A9D4FAA004730E6;
			productRefGroup = E5E138292A9D4FAA004730E6 /* Products */;
			projectDirPath = "";
			projectRoot = "";
			targets = (
				E5E138272A9D4FAA004730E6 /* Heartstone Database */,
				E5E1383D2A9D4FAB004730E6 /* Heartstone DatabaseTests */,
				E5E138472A9D4FAB004730E6 /* Heartstone DatabaseUITests */,
			);
		};
/* End PBXProject section */

/* Begin PBXResourcesBuildPhase section */
		E5E138262A9D4FAA004730E6 /* Resources */ = {
			isa = PBXResourcesBuildPhase;
			buildActionMask = 2147483647;
			files = (
				E5E138382A9D4FAB004730E6 /* LaunchScreen.storyboard in Resources */,
				E5E138352A9D4FAB004730E6 /* Assets.xcassets in Resources */,
				E5E138332A9D4FAA004730E6 /* Main.storyboard in Resources */,
			);
			runOnlyForDeploymentPostprocessing = 0;
		};
		E5E1383C2A9D4FAB004730E6 /* Resources */ = {
			isa = PBXResourcesBuildPhase;
			buildActionMask = 2147483647;
			files = (
			);
			runOnlyForDeploymentPostprocessing = 0;
		};
		E5E138462A9D4FAB004730E6 /* Resources */ = {
			isa = PBXResourcesBuildPhase;
			buildActionMask = 2147483647;
			files = (
			);
			runOnlyForDeploymentPostprocessing = 0;
		};
/* End PBXResourcesBuildPhase section */

/* Begin PBXSourcesBuildPhase section */
		E5E138242A9D4FAA004730E6 /* Sources */ = {
			isa = PBXSourcesBuildPhase;
			buildActionMask = 2147483647;
			files = (
				E5E138302A9D4FAA004730E6 /* ViewController.swift in Sources */,
				E5E1382C2A9D4FAA004730E6 /* AppDelegate.swift in Sources */,
				E5E1382E2A9D4FAA004730E6 /* SceneDelegate.swift in Sources */,
			);
			runOnlyForDeploymentPostprocessing = 0;
		};
		E5E1383A2A9D4FAB004730E6 /* Sources */ = {
			isa = PBXSourcesBuildPhase;
			buildActionMask = 2147483647;
			files = (
				E5E138432A9D4FAB004730E6 /* Heartstone_DatabaseTests.swift in Sources */,
			);
			runOnlyForDeploymentPostprocessing = 0;
		};
		E5E138442A9D4FAB004730E6 /* Sources */ = {
			isa = PBXSourcesBuildPhase;
			buildActionMask = 2147483647;
			files = (
				E5E1384F2A9D4FAB004730E6 /* Heartstone_DatabaseUITestsLaunchTests.swift in Sources */,
				E5E1384D2A9D4FAB004730E6 /* Heartstone_DatabaseUITests.swift in Sources */,
			);
			runOnlyForDeploymentPostprocessing = 0;
		};
/* End PBXSourcesBuildPhase section */

/* Begin PBXTargetDependency section */
		E5E138402A9D4FAB004730E6 /* PBXTargetDependency */ = {
			isa = PBXTargetDependency;
			target = E5E138272A9D4FAA004730E6 /* Heartstone Database */;
			targetProxy = E5E1383F2A9D4FAB004730E6 /* PBXContainerItemProxy */;
		};
		E5E1384A2A9D4FAB004730E6 /* PBXTargetDependency */ = {
			isa = PBXTargetDependency;
			target = E5E138272A9D4FAA004730E6 /* Heartstone Database */;
			targetProxy = E5E138492A9D4FAB004730E6 /* PBXContainerItemProxy */;
		};
/* End PBXTargetDependency section */

/* Begin PBXVariantGroup section */
		E5E138312A9D4FAA004730E6 /* Main.storyboard */ = {
			isa = PBXVariantGroup;
			children = (
				E5E138322A9D4FAA004730E6 /* Base */,
			);
			name = Main.storyboard;
			sourceTree = "<group>";
		};
		E5E138362A9D4FAB004730E6 /* LaunchScreen.storyboard */ = {
			isa = PBXVariantGroup;
			children = (
				E5E138372A9D4FAB004730E6 /* Base */,
			);
			name = LaunchScreen.storyboard;
			sourceTree = "<group>";
		};
/* End PBXVariantGroup section */

/* Begin XCBuildConfiguration section */
		E5E138502A9D4FAB004730E6 /* Debug */ = {
			isa = XCBuildConfiguration;
			buildSettings = {
				ALWAYS_SEARCH_USER_PATHS = NO;
				CLANG_ANALYZER_NONNULL = YES;
				CLANG_ANALYZER_NUMBER_OBJECT_CONVERSION = YES_AGGRESSIVE;
				CLANG_CXX_LANGUAGE_STANDARD = "gnu++20";
				CLANG_ENABLE_MODULES = YES;
				CLANG_ENABLE_OBJC_ARC = YES;
				CLANG_ENABLE_OBJC_WEAK = YES;
				CLANG_WARN_BLOCK_CAPTURE_AUTORELEASING = YES;
				CLANG_WARN_BOOL_CONVERSION = YES;
				CLANG_WARN_COMMA = YES;
				CLANG_WARN_CONSTANT_CONVERSION = YES;
				CLANG_WARN_DEPRECATED_OBJC_IMPLEMENTATIONS = YES;
				CLANG_WARN_DIRECT_OBJC_ISA_USAGE = YES_ERROR;
				CLANG_WARN_DOCUMENTATION_COMMENTS = YES;
				CLANG_WARN_EMPTY_BODY = YES;
				CLANG_WARN_ENUM_CONVERSION = YES;
				CLANG_WARN_INFINITE_RECURSION = YES;
				CLANG_WARN_INT_CONVERSION = YES;
				CLANG_WARN_NON_LITERAL_NULL_CONVERSION = YES;
				CLANG_WARN_OBJC_IMPLICIT_RETAIN_SELF = YES;
				CLANG_WARN_OBJC_LITERAL_CONVERSION = YES;
				CLANG_WARN_OBJC_ROOT_CLASS = YES_ERROR;
				CLANG_WARN_QUOTED_INCLUDE_IN_FRAMEWORK_HEADER = YES;
				CLANG_WARN_RANGE_LOOP_ANALYSIS = YES;
				CLANG_WARN_STRICT_PROTOTYPES = YES;
				CLANG_WARN_SUSPICIOUS_MOVE = YES;
				CLANG_WARN_UNGUARDED_AVAILABILITY = YES_AGGRESSIVE;
				CLANG_WARN_UNREACHABLE_CODE = YES;
				CLANG_WARN__DUPLICATE_METHOD_MATCH = YES;
				COPY_PHASE_STRIP = NO;
				DEBUG_INFORMATION_FORMAT = dwarf;
				ENABLE_STRICT_OBJC_MSGSEND = YES;
				ENABLE_TESTABILITY = YES;
				GCC_C_LANGUAGE_STANDARD = gnu11;
				GCC_DYNAMIC_NO_PIC = NO;
				GCC_NO_COMMON_BLOCKS = YES;
				GCC_OPTIMIZATION_LEVEL = 0;
				GCC_PREPROCESSOR_DEFINITIONS = (
					"DEBUG=1",
					"$(inherited)",
				);
				GCC_WARN_64_TO_32_BIT_CONVERSION = YES;
				GCC_WARN_ABOUT_RETURN_TYPE = YES_ERROR;
				GCC_WARN_UNDECLARED_SELECTOR = YES;
				GCC_WARN_UNINITIALIZED_AUTOS = YES_AGGRESSIVE;
				GCC_WARN_UNUSED_FUNCTION = YES;
				GCC_WARN_UNUSED_VARIABLE = YES;
				IPHONEOS_DEPLOYMENT_TARGET = 16.4;
				MTL_ENABLE_DEBUG_INFO = INCLUDE_SOURCE;
				MTL_FAST_MATH = YES;
				ONLY_ACTIVE_ARCH = YES;
				SDKROOT = iphoneos;
				SWIFT_ACTIVE_COMPILATION_CONDITIONS = DEBUG;
				SWIFT_OPTIMIZATION_LEVEL = "-Onone";
			};
			name = Debug;
		};
		E5E138512A9D4FAB004730E6 /* Release */ = {
			isa = XCBuildConfiguration;
			buildSettings = {
				ALWAYS_SEARCH_USER_PATHS = NO;
				CLANG_ANALYZER_NONNULL = YES;
				CLANG_ANALYZER_NUMBER_OBJECT_CONVERSION = YES_AGGRESSIVE;
				CLANG_CXX_LANGUAGE_STANDARD = "gnu++20";
				CLANG_ENABLE_MODULES = YES;
				CLANG_ENABLE_OBJC_ARC = YES;
				CLANG_ENABLE_OBJC_WEAK = YES;
				CLANG_WARN_BLOCK_CAPTURE_AUTORELEASING = YES;
				CLANG_WARN_BOOL_CONVERSION = YES;
				CLANG_WARN_COMMA = YES;
				CLANG_WARN_CONSTANT_CONVERSION = YES;
				CLANG_WARN_DEPRECATED_OBJC_IMPLEMENTATIONS = YES;
				CLANG_WARN_DIRECT_OBJC_ISA_USAGE = YES_ERROR;
				CLANG_WARN_DOCUMENTATION_COMMENTS = YES;
				CLANG_WARN_EMPTY_BODY = YES;
				CLANG_WARN_ENUM_CONVERSION = YES;
				CLANG_WARN_INFINITE_RECURSION = YES;
				CLANG_WARN_INT_CONVERSION = YES;
				CLANG_WARN_NON_LITERAL_NULL_CONVERSION = YES;
				CLANG_WARN_OBJC_IMPLICIT_RETAIN_SELF = YES;
				CLANG_WARN_OBJC_LITERAL_CONVERSION = YES;
				CLANG_WARN_OBJC_ROOT_CLASS = YES_ERROR;
				CLANG_WARN_QUOTED_INCLUDE_IN_FRAMEWORK_HEADER = YES;
				CLANG_WARN_RANGE_LOOP_ANALYSIS = YES;
				CLANG_WARN_STRICT_PROTOTYPES = YES;
				CLANG_WARN_SUSPICIOUS_MOVE = YES;
				CLANG_WARN_UNGUARDED_AVAILABILITY = YES_AGGRESSIVE;
				CLANG_WARN_UNREACHABLE_CODE = YES;
				CLANG_WARN__DUPLICATE_METHOD_MATCH = YES;
				COPY_PHASE_STRIP = NO;
				DEBUG_INFORMATION_FORMAT = "dwarf-with-dsym";
				ENABLE_NS_ASSERTIONS = NO;
				ENABLE_STRICT_OBJC_MSGSEND = YES;
				GCC_C_LANGUAGE_STANDARD = gnu11;
				GCC_NO_COMMON_BLOCKS = YES;
				GCC_WARN_64_TO_32_BIT_CONVERSION = YES;
				GCC_WARN_ABOUT_RETURN_TYPE = YES_ERROR;
				GCC_WARN_UNDECLARED_SELECTOR = YES;
				GCC_WARN_UNINITIALIZED_AUTOS = YES_AGGRESSIVE;
				GCC_WARN_UNUSED_FUNCTION = YES;
				GCC_WARN_UNUSED_VARIABLE = YES;
				IPHONEOS_DEPLOYMENT_TARGET = 16.4;
				MTL_ENABLE_DEBUG_INFO = NO;
				MTL_FAST_MATH = YES;
				SDKROOT = iphoneos;
				SWIFT_COMPILATION_MODE = wholemodule;
				SWIFT_OPTIMIZATION_LEVEL = "-O";
				VALIDATE_PRODUCT = YES;
			};
			name = Release;
		};
		E5E138532A9D4FAB004730E6 /* Debug */ = {
			isa = XCBuildConfiguration;
			buildSettings = {
				ASSETCATALOG_COMPILER_APPICON_NAME = AppIcon;
				ASSETCATALOG_COMPILER_GLOBAL_ACCENT_COLOR_NAME = AccentColor;
				CODE_SIGN_STYLE = Automatic;
				CURRENT_PROJECT_VERSION = 1;
				DEVELOPMENT_TEAM = 92Q6X49BAW;
				GENERATE_INFOPLIST_FILE = YES;
				INFOPLIST_FILE = "Heartstone Database/Info.plist";
				INFOPLIST_KEY_UIApplicationSupportsIndirectInputEvents = YES;
				INFOPLIST_KEY_UILaunchStoryboardName = LaunchScreen;
				INFOPLIST_KEY_UIMainStoryboardFile = Main;
				INFOPLIST_KEY_UISupportedInterfaceOrientations_iPad = "UIInterfaceOrientationPortrait UIInterfaceOrientationPortraitUpsideDown UIInterfaceOrientationLandscapeLeft UIInterfaceOrientationLandscapeRight";
				INFOPLIST_KEY_UISupportedInterfaceOrientations_iPhone = "UIInterfaceOrientationPortrait UIInterfaceOrientationLandscapeLeft UIInterfaceOrientationLandscapeRight";
				LD_RUNPATH_SEARCH_PATHS = (
					"$(inherited)",
					"@executable_path/Frameworks",
				);
				MARKETING_VERSION = 1.0;
				PRODUCT_BUNDLE_IDENTIFIER = "fabioresende.Heartstone-Database";
				PRODUCT_NAME = "$(TARGET_NAME)";
				SWIFT_EMIT_LOC_STRINGS = YES;
				SWIFT_VERSION = 5.0;
				TARGETED_DEVICE_FAMILY = "1,2";
			};
			name = Debug;
		};
		E5E138542A9D4FAB004730E6 /* Release */ = {
			isa = XCBuildConfiguration;
			buildSettings = {
				ASSETCATALOG_COMPILER_APPICON_NAME = AppIcon;
				ASSETCATALOG_COMPILER_GLOBAL_ACCENT_COLOR_NAME = AccentColor;
				CODE_SIGN_STYLE = Automatic;
				CURRENT_PROJECT_VERSION = 1;
				DEVELOPMENT_TEAM = 92Q6X49BAW;
				GENERATE_INFOPLIST_FILE = YES;
				INFOPLIST_FILE = "Heartstone Database/Info.plist";
				INFOPLIST_KEY_UIApplicationSupportsIndirectInputEvents = YES;
				INFOPLIST_KEY_UILaunchStoryboardName = LaunchScreen;
				INFOPLIST_KEY_UIMainStoryboardFile = Main;
				INFOPLIST_KEY_UISupportedInterfaceOrientations_iPad = "UIInterfaceOrientationPortrait UIInterfaceOrientationPortraitUpsideDown UIInterfaceOrientationLandscapeLeft UIInterfaceOrientationLandscapeRight";
				INFOPLIST_KEY_UISupportedInterfaceOrientations_iPhone = "UIInterfaceOrientationPortrait UIInterfaceOrientationLandscapeLeft UIInterfaceOrientationLandscapeRight";
				LD_RUNPATH_SEARCH_PATHS = (
					"$(inherited)",
					"@executable_path/Frameworks",
				);
				MARKETING_VERSION = 1.0;
				PRODUCT_BUNDLE_IDENTIFIER = "fabioresende.Heartstone-Database";
				PRODUCT_NAME = "$(TARGET_NAME)";
				SWIFT_EMIT_LOC_STRINGS = YES;
				SWIFT_VERSION = 5.0;
				TARGETED_DEVICE_FAMILY = "1,2";
			};
			name = Release;
		};
		E5E138562A9D4FAB004730E6 /* Debug */ = {
			isa = XCBuildConfiguration;
			buildSettings = {
				ALWAYS_EMBED_SWIFT_STANDARD_LIBRARIES = YES;
				BUNDLE_LOADER = "$(TEST_HOST)";
				CODE_SIGN_STYLE = Automatic;
				CURRENT_PROJECT_VERSION = 1;
				DEVELOPMENT_TEAM = 92Q6X49BAW;
				GENERATE_INFOPLIST_FILE = YES;
				IPHONEOS_DEPLOYMENT_TARGET = 16.4;
				MARKETING_VERSION = 1.0;
				PRODUCT_BUNDLE_IDENTIFIER = "fabioresende.Heartstone-DatabaseTests";
				PRODUCT_NAME = "$(TARGET_NAME)";
				SWIFT_EMIT_LOC_STRINGS = NO;
				SWIFT_VERSION = 5.0;
				TARGETED_DEVICE_FAMILY = "1,2";
				TEST_HOST = "$(BUILT_PRODUCTS_DIR)/Heartstone Database.app/$(BUNDLE_EXECUTABLE_FOLDER_PATH)/Heartstone Database";
			};
			name = Debug;
		};
		E5E138572A9D4FAB004730E6 /* Release */ = {
			isa = XCBuildConfiguration;
			buildSettings = {
				ALWAYS_EMBED_SWIFT_STANDARD_LIBRARIES = YES;
				BUNDLE_LOADER = "$(TEST_HOST)";
				CODE_SIGN_STYLE = Automatic;
				CURRENT_PROJECT_VERSION = 1;
				DEVELOPMENT_TEAM = 92Q6X49BAW;
				GENERATE_INFOPLIST_FILE = YES;
				IPHONEOS_DEPLOYMENT_TARGET = 16.4;
				MARKETING_VERSION = 1.0;
				PRODUCT_BUNDLE_IDENTIFIER = "fabioresende.Heartstone-DatabaseTests";
				PRODUCT_NAME = "$(TARGET_NAME)";
				SWIFT_EMIT_LOC_STRINGS = NO;
				SWIFT_VERSION = 5.0;
				TARGETED_DEVICE_FAMILY = "1,2";
				TEST_HOST = "$(BUILT_PRODUCTS_DIR)/Heartstone Database.app/$(BUNDLE_EXECUTABLE_FOLDER_PATH)/Heartstone Database";
			};
			name = Release;
		};
		E5E138592A9D4FAB004730E6 /* Debug */ = {
			isa = XCBuildConfiguration;
			buildSettings = {
				ALWAYS_EMBED_SWIFT_STANDARD_LIBRARIES = YES;
				CODE_SIGN_STYLE = Automatic;
				CURRENT_PROJECT_VERSION = 1;
				DEVELOPMENT_TEAM = 92Q6X49BAW;
				GENERATE_INFOPLIST_FILE = YES;
				MARKETING_VERSION = 1.0;
				PRODUCT_BUNDLE_IDENTIFIER = "fabioresende.Heartstone-DatabaseUITests";
				PRODUCT_NAME = "$(TARGET_NAME)";
				SWIFT_EMIT_LOC_STRINGS = NO;
				SWIFT_VERSION = 5.0;
				TARGETED_DEVICE_FAMILY = "1,2";
				TEST_TARGET_NAME = "Heartstone Database";
			};
			name = Debug;
		};
		E5E1385A2A9D4FAB004730E6 /* Release */ = {
			isa = XCBuildConfiguration;
			buildSettings = {
				ALWAYS_EMBED_SWIFT_STANDARD_LIBRARIES = YES;
				CODE_SIGN_STYLE = Automatic;
				CURRENT_PROJECT_VERSION = 1;
				DEVELOPMENT_TEAM = 92Q6X49BAW;
				GENERATE_INFOPLIST_FILE = YES;
				MARKETING_VERSION = 1.0;
				PRODUCT_BUNDLE_IDENTIFIER = "fabioresende.Heartstone-DatabaseUITests";
				PRODUCT_NAME = "$(TARGET_NAME)";
				SWIFT_EMIT_LOC_STRINGS = NO;
				SWIFT_VERSION = 5.0;
				TARGETED_DEVICE_FAMILY = "1,2";
				TEST_TARGET_NAME = "Heartstone Database";
			};
			name = Release;
		};
/* End XCBuildConfiguration section */

/* Begin XCConfigurationList section */
		E5E138232A9D4FAA004730E6 /* Build configuration list for PBXProject "Heartstone Database" */ = {
			isa = XCConfigurationList;
			buildConfigurations = (
				E5E138502A9D4FAB004730E6 /* Debug */,
				E5E138512A9D4FAB004730E6 /* Release */,
			);
			defaultConfigurationIsVisible = 0;
			defaultConfigurationName = Release;
		};
		E5E138522A9D4FAB004730E6 /* Build configuration list for PBXNativeTarget "Heartstone Database" */ = {
			isa = XCConfigurationList;
			buildConfigurations = (
				E5E138532A9D4FAB004730E6 /* Debug */,
				E5E138542A9D4FAB004730E6 /* Release */,
			);
			defaultConfigurationIsVisible = 0;
			defaultConfigurationName = Release;
		};
		E5E138552A9D4FAB004730E6 /* Build configuration list for PBXNativeTarget "Heartstone DatabaseTests" */ = {
			isa = XCConfigurationList;
			buildConfigurations = (
				E5E138562A9D4FAB004730E6 /* Debug */,
				E5E138572A9D4FAB004730E6 /* Release */,
			);
			defaultConfigurationIsVisible = 0;
			defaultConfigurationName = Release;
		};
		E5E138582A9D4FAB004730E6 /* Build configuration list for PBXNativeTarget "Heartstone DatabaseUITests" */ = {
			isa = XCConfigurationList;
			buildConfigurations = (
				E5E138592A9D4FAB004730E6 /* Debug */,
				E5E1385A2A9D4FAB004730E6 /* Release */,
			);
			defaultConfigurationIsVisible = 0;
			defaultConfigurationName = Release;
		};
/* End XCConfigurationList section */
	};
	rootObject = E5E138202A9D4FAA004730E6 /* Project object */;
}
